// !$*UTF8*$!
{
	archiveVersion = 1;
	classes = {
	};
	objectVersion = 50;
	objects = {

/* Begin PBXBuildFile section */
		2D47162025F0523B0020F93C /* SeniorProjectApp.swift in Sources */ = {isa = PBXBuildFile; fileRef = 2D47161F25F0523B0020F93C /* SeniorProjectApp.swift */; };
		2D47162225F0523B0020F93C /* ContentView.swift in Sources */ = {isa = PBXBuildFile; fileRef = 2D47162125F0523B0020F93C /* ContentView.swift */; };
		2D47162425F052400020F93C /* Assets.xcassets in Resources */ = {isa = PBXBuildFile; fileRef = 2D47162325F052400020F93C /* Assets.xcassets */; };
		2D47162725F052400020F93C /* Preview Assets.xcassets in Resources */ = {isa = PBXBuildFile; fileRef = 2D47162625F052400020F93C /* Preview Assets.xcassets */; };
		2D47163025F054E20020F93C /* Player.swift in Sources */ = {isa = PBXBuildFile; fileRef = 2D47162F25F054E20020F93C /* Player.swift */; };
		2D47163325F0553E0020F93C /* Room.swift in Sources */ = {isa = PBXBuildFile; fileRef = 2D47163225F0553E0020F93C /* Room.swift */; };
		2D47163625F0554E0020F93C /* Item.swift in Sources */ = {isa = PBXBuildFile; fileRef = 2D47163525F0554E0020F93C /* Item.swift */; };
		2D47163925F055570020F93C /* Game.swift in Sources */ = {isa = PBXBuildFile; fileRef = 2D47163825F055560020F93C /* Game.swift */; };
		2D47163C25F0555F0020F93C /* Exit.swift in Sources */ = {isa = PBXBuildFile; fileRef = 2D47163B25F0555F0020F93C /* Exit.swift */; };
		2D47163F25FB0BFC0020F93C /* MOB.swift in Sources */ = {isa = PBXBuildFile; fileRef = 2D47163E25FB0BFB0020F93C /* MOB.swift */; };
		2D47164225FC076A0020F93C /* Paused.swift in Sources */ = {isa = PBXBuildFile; fileRef = 2D47164125FC076A0020F93C /* Paused.swift */; };
		2D471648260BE0050020F93C /* File.swift in Sources */ = {isa = PBXBuildFile; fileRef = 2D471647260BE0050020F93C /* File.swift */; };
		2D47164B260BF26D0020F93C /* Map.swift in Sources */ = {isa = PBXBuildFile; fileRef = 2D47164A260BF26C0020F93C /* Map.swift */; };
		2D47164E260BF27C0020F93C /* Inventory.swift in Sources */ = {isa = PBXBuildFile; fileRef = 2D47164D260BF27C0020F93C /* Inventory.swift */; };
		2D471651260BF2850020F93C /* Credits.swift in Sources */ = {isa = PBXBuildFile; fileRef = 2D471650260BF2850020F93C /* Credits.swift */; };
		2D471654260BF2940020F93C /* MainMenu.swift in Sources */ = {isa = PBXBuildFile; fileRef = 2D471653260BF2940020F93C /* MainMenu.swift */; };
/* End PBXBuildFile section */

/* Begin PBXFileReference section */
		2D47161C25F0523B0020F93C /* SeniorProject.app */ = {isa = PBXFileReference; explicitFileType = wrapper.application; includeInIndex = 0; path = SeniorProject.app; sourceTree = BUILT_PRODUCTS_DIR; };
		2D47161F25F0523B0020F93C /* SeniorProjectApp.swift */ = {isa = PBXFileReference; lastKnownFileType = sourcecode.swift; path = SeniorProjectApp.swift; sourceTree = "<group>"; };
		2D47162125F0523B0020F93C /* ContentView.swift */ = {isa = PBXFileReference; lastKnownFileType = sourcecode.swift; path = ContentView.swift; sourceTree = "<group>"; };
		2D47162325F052400020F93C /* Assets.xcassets */ = {isa = PBXFileReference; lastKnownFileType = folder.assetcatalog; path = Assets.xcassets; sourceTree = "<group>"; };
		2D47162625F052400020F93C /* Preview Assets.xcassets */ = {isa = PBXFileReference; lastKnownFileType = folder.assetcatalog; path = "Preview Assets.xcassets"; sourceTree = "<group>"; };
		2D47162825F052400020F93C /* Info.plist */ = {isa = PBXFileReference; lastKnownFileType = text.plist.xml; path = Info.plist; sourceTree = "<group>"; };
		2D47162F25F054E20020F93C /* Player.swift */ = {isa = PBXFileReference; lastKnownFileType = sourcecode.swift; path = Player.swift; sourceTree = "<group>"; };
		2D47163225F0553E0020F93C /* Room.swift */ = {isa = PBXFileReference; lastKnownFileType = sourcecode.swift; path = Room.swift; sourceTree = "<group>"; };
		2D47163525F0554E0020F93C /* Item.swift */ = {isa = PBXFileReference; lastKnownFileType = sourcecode.swift; path = Item.swift; sourceTree = "<group>"; };
		2D47163825F055560020F93C /* Game.swift */ = {isa = PBXFileReference; lastKnownFileType = sourcecode.swift; path = Game.swift; sourceTree = "<group>"; };
		2D47163B25F0555F0020F93C /* Exit.swift */ = {isa = PBXFileReference; lastKnownFileType = sourcecode.swift; path = Exit.swift; sourceTree = "<group>"; };
		2D47163E25FB0BFB0020F93C /* MOB.swift */ = {isa = PBXFileReference; lastKnownFileType = sourcecode.swift; path = MOB.swift; sourceTree = "<group>"; };
		2D47164125FC076A0020F93C /* Paused.swift */ = {isa = PBXFileReference; lastKnownFileType = sourcecode.swift; path = Paused.swift; sourceTree = "<group>"; };
		2D471647260BE0050020F93C /* File.swift */ = {isa = PBXFileReference; lastKnownFileType = sourcecode.swift; path = File.swift; sourceTree = "<group>"; };
		2D47164A260BF26C0020F93C /* Map.swift */ = {isa = PBXFileReference; lastKnownFileType = sourcecode.swift; path = Map.swift; sourceTree = "<group>"; };
		2D47164D260BF27C0020F93C /* Inventory.swift */ = {isa = PBXFileReference; lastKnownFileType = sourcecode.swift; path = Inventory.swift; sourceTree = "<group>"; };
		2D471650260BF2850020F93C /* Credits.swift */ = {isa = PBXFileReference; lastKnownFileType = sourcecode.swift; path = Credits.swift; sourceTree = "<group>"; };
		2D471653260BF2940020F93C /* MainMenu.swift */ = {isa = PBXFileReference; lastKnownFileType = sourcecode.swift; path = MainMenu.swift; sourceTree = "<group>"; };
/* End PBXFileReference section */

/* Begin PBXFrameworksBuildPhase section */
		2D47161925F0523B0020F93C /* Frameworks */ = {
			isa = PBXFrameworksBuildPhase;
			buildActionMask = 2147483647;
			files = (
			);
			runOnlyForDeploymentPostprocessing = 0;
		};
/* End PBXFrameworksBuildPhase section */

/* Begin PBXGroup section */
		2D47161325F0523B0020F93C = {
			isa = PBXGroup;
			children = (
				2D47161E25F0523B0020F93C /* SeniorProject */,
				2D47161D25F0523B0020F93C /* Products */,
			);
			sourceTree = "<group>";
		};
		2D47161D25F0523B0020F93C /* Products */ = {
			isa = PBXGroup;
			children = (
				2D47161C25F0523B0020F93C /* SeniorProject.app */,
			);
			name = Products;
			sourceTree = "<group>";
		};
		2D47161E25F0523B0020F93C /* SeniorProject */ = {
			isa = PBXGroup;
			children = (
				2D47161F25F0523B0020F93C /* SeniorProjectApp.swift */,
				2D47162125F0523B0020F93C /* ContentView.swift */,
				2D47164125FC076A0020F93C /* Paused.swift */,
				2D47164A260BF26C0020F93C /* Map.swift */,
				2D47164D260BF27C0020F93C /* Inventory.swift */,
				2D471650260BF2850020F93C /* Credits.swift */,
				2D471653260BF2940020F93C /* MainMenu.swift */,
				2D47162F25F054E20020F93C /* Player.swift */,
				2D47163E25FB0BFB0020F93C /* MOB.swift */,
				2D47163225F0553E0020F93C /* Room.swift */,
				2D47163525F0554E0020F93C /* Item.swift */,
				2D47163825F055560020F93C /* Game.swift */,
				2D471647260BE0050020F93C /* File.swift */,
				2D47163B25F0555F0020F93C /* Exit.swift */,
				2D47162325F052400020F93C /* Assets.xcassets */,
				2D47162825F052400020F93C /* Info.plist */,
				2D47162525F052400020F93C /* Preview Content */,
			);
			path = SeniorProject;
			sourceTree = "<group>";
		};
		2D47162525F052400020F93C /* Preview Content */ = {
			isa = PBXGroup;
			children = (
				2D47162625F052400020F93C /* Preview Assets.xcassets */,
			);
			path = "Preview Content";
			sourceTree = "<group>";
		};
/* End PBXGroup section */

/* Begin PBXNativeTarget section */
		2D47161B25F0523B0020F93C /* SeniorProject */ = {
			isa = PBXNativeTarget;
			buildConfigurationList = 2D47162B25F052400020F93C /* Build configuration list for PBXNativeTarget "SeniorProject" */;
			buildPhases = (
				2D47161825F0523B0020F93C /* Sources */,
				2D47161925F0523B0020F93C /* Frameworks */,
				2D47161A25F0523B0020F93C /* Resources */,
			);
			buildRules = (
			);
			dependencies = (
			);
			name = SeniorProject;
			productName = SeniorProject;
			productReference = 2D47161C25F0523B0020F93C /* SeniorProject.app */;
			productType = "com.apple.product-type.application";
		};
/* End PBXNativeTarget section */

/* Begin PBXProject section */
		2D47161425F0523B0020F93C /* Project object */ = {
			isa = PBXProject;
			attributes = {
				LastSwiftUpdateCheck = 1240;
				LastUpgradeCheck = 1240;
				TargetAttributes = {
					2D47161B25F0523B0020F93C = {
						CreatedOnToolsVersion = 12.4;
					};
				};
			};
			buildConfigurationList = 2D47161725F0523B0020F93C /* Build configuration list for PBXProject "SeniorProject" */;
			compatibilityVersion = "Xcode 9.3";
			developmentRegion = en;
			hasScannedForEncodings = 0;
			knownRegions = (
				en,
				Base,
			);
			mainGroup = 2D47161325F0523B0020F93C;
			productRefGroup = 2D47161D25F0523B0020F93C /* Products */;
			projectDirPath = "";
			projectRoot = "";
			targets = (
				2D47161B25F0523B0020F93C /* SeniorProject */,
			);
		};
/* End PBXProject section */

/* Begin PBXResourcesBuildPhase section */
		2D47161A25F0523B0020F93C /* Resources */ = {
			isa = PBXResourcesBuildPhase;
			buildActionMask = 2147483647;
			files = (
				2D47162725F052400020F93C /* Preview Assets.xcassets in Resources */,
				2D47162425F052400020F93C /* Assets.xcassets in Resources */,
			);
			runOnlyForDeploymentPostprocessing = 0;
		};
/* End PBXResourcesBuildPhase section */

/* Begin PBXSourcesBuildPhase section */
		2D47161825F0523B0020F93C /* Sources */ = {
			isa = PBXSourcesBuildPhase;
			buildActionMask = 2147483647;
			files = (
				2D47164E260BF27C0020F93C /* Inventory.swift in Sources */,
				2D47163625F0554E0020F93C /* Item.swift in Sources */,
				2D47163925F055570020F93C /* Game.swift in Sources */,
				2D471651260BF2850020F93C /* Credits.swift in Sources */,
				2D47163F25FB0BFC0020F93C /* MOB.swift in Sources */,
				2D47162225F0523B0020F93C /* ContentView.swift in Sources */,
				2D47163025F054E20020F93C /* Player.swift in Sources */,
				2D471648260BE0050020F93C /* File.swift in Sources */,
				2D47163C25F0555F0020F93C /* Exit.swift in Sources */,
				2D471654260BF2940020F93C /* MainMenu.swift in Sources */,
				2D47164B260BF26D0020F93C /* Map.swift in Sources */,
				2D47163325F0553E0020F93C /* Room.swift in Sources */,
				2D47162025F0523B0020F93C /* SeniorProjectApp.swift in Sources */,
				2D47164225FC076A0020F93C /* Paused.swift in Sources */,
			);
			runOnlyForDeploymentPostprocessing = 0;
		};
/* End PBXSourcesBuildPhase section */

/* Begin XCBuildConfiguration section */
		2D47162925F052400020F93C /* Debug */ = {
			isa = XCBuildConfiguration;
			buildSettings = {
				ALWAYS_SEARCH_USER_PATHS = NO;
				CLANG_ANALYZER_NONNULL = YES;
				CLANG_ANALYZER_NUMBER_OBJECT_CONVERSION = YES_AGGRESSIVE;
				CLANG_CXX_LANGUAGE_STANDARD = "gnu++14";
				CLANG_CXX_LIBRARY = "libc++";
				CLANG_ENABLE_MODULES = YES;
				CLANG_ENABLE_OBJC_ARC = YES;
				CLANG_ENABLE_OBJC_WEAK = YES;
				CLANG_WARN_BLOCK_CAPTURE_AUTORELEASING = YES;
				CLANG_WARN_BOOL_CONVERSION = YES;
				CLANG_WARN_COMMA = YES;
				CLANG_WARN_CONSTANT_CONVERSION = YES;
				CLANG_WARN_DEPRECATED_OBJC_IMPLEMENTATIONS = YES;
				CLANG_WARN_DIRECT_OBJC_ISA_USAGE = YES_ERROR;
				CLANG_WARN_DOCUMENTATION_COMMENTS = YES;
				CLANG_WARN_EMPTY_BODY = YES;
				CLANG_WARN_ENUM_CONVERSION = YES;
				CLANG_WARN_INFINITE_RECURSION = YES;
				CLANG_WARN_INT_CONVERSION = YES;
				CLANG_WARN_NON_LITERAL_NULL_CONVERSION = YES;
				CLANG_WARN_OBJC_IMPLICIT_RETAIN_SELF = YES;
				CLANG_WARN_OBJC_LITERAL_CONVERSION = YES;
				CLANG_WARN_OBJC_ROOT_CLASS = YES_ERROR;
				CLANG_WARN_QUOTED_INCLUDE_IN_FRAMEWORK_HEADER = YES;
				CLANG_WARN_RANGE_LOOP_ANALYSIS = YES;
				CLANG_WARN_STRICT_PROTOTYPES = YES;
				CLANG_WARN_SUSPICIOUS_MOVE = YES;
				CLANG_WARN_UNGUARDED_AVAILABILITY = YES_AGGRESSIVE;
				CLANG_WARN_UNREACHABLE_CODE = YES;
				CLANG_WARN__DUPLICATE_METHOD_MATCH = YES;
				COPY_PHASE_STRIP = NO;
				DEBUG_INFORMATION_FORMAT = dwarf;
				ENABLE_STRICT_OBJC_MSGSEND = YES;
				ENABLE_TESTABILITY = YES;
				GCC_C_LANGUAGE_STANDARD = gnu11;
				GCC_DYNAMIC_NO_PIC = NO;
				GCC_NO_COMMON_BLOCKS = YES;
				GCC_OPTIMIZATION_LEVEL = 0;
				GCC_PREPROCESSOR_DEFINITIONS = (
					"DEBUG=1",
					"$(inherited)",
				);
				GCC_WARN_64_TO_32_BIT_CONVERSION = YES;
				GCC_WARN_ABOUT_RETURN_TYPE = YES_ERROR;
				GCC_WARN_UNDECLARED_SELECTOR = YES;
				GCC_WARN_UNINITIALIZED_AUTOS = YES_AGGRESSIVE;
				GCC_WARN_UNUSED_FUNCTION = YES;
				GCC_WARN_UNUSED_VARIABLE = YES;
				IPHONEOS_DEPLOYMENT_TARGET = 14.4;
				MTL_ENABLE_DEBUG_INFO = INCLUDE_SOURCE;
				MTL_FAST_MATH = YES;
				ONLY_ACTIVE_ARCH = YES;
				SDKROOT = iphoneos;
				SWIFT_ACTIVE_COMPILATION_CONDITIONS = DEBUG;
				SWIFT_OPTIMIZATION_LEVEL = "-Onone";
			};
			name = Debug;
		};
		2D47162A25F052400020F93C /* Release */ = {
			isa = XCBuildConfiguration;
			buildSettings = {
				ALWAYS_SEARCH_USER_PATHS = NO;
				CLANG_ANALYZER_NONNULL = YES;
				CLANG_ANALYZER_NUMBER_OBJECT_CONVERSION = YES_AGGRESSIVE;
				CLANG_CXX_LANGUAGE_STANDARD = "gnu++14";
				CLANG_CXX_LIBRARY = "libc++";
				CLANG_ENABLE_MODULES = YES;
				CLANG_ENABLE_OBJC_ARC = YES;
				CLANG_ENABLE_OBJC_WEAK = YES;
				CLANG_WARN_BLOCK_CAPTURE_AUTORELEASING = YES;
				CLANG_WARN_BOOL_CONVERSION = YES;
				CLANG_WARN_COMMA = YES;
				CLANG_WARN_CONSTANT_CONVERSION = YES;
				CLANG_WARN_DEPRECATED_OBJC_IMPLEMENTATIONS = YES;
				CLANG_WARN_DIRECT_OBJC_ISA_USAGE = YES_ERROR;
				CLANG_WARN_DOCUMENTATION_COMMENTS = YES;
				CLANG_WARN_EMPTY_BODY = YES;
				CLANG_WARN_ENUM_CONVERSION = YES;
				CLANG_WARN_INFINITE_RECURSION = YES;
				CLANG_WARN_INT_CONVERSION = YES;
				CLANG_WARN_NON_LITERAL_NULL_CONVERSION = YES;
				CLANG_WARN_OBJC_IMPLICIT_RETAIN_SELF = YES;
				CLANG_WARN_OBJC_LITERAL_CONVERSION = YES;
				CLANG_WARN_OBJC_ROOT_CLASS = YES_ERROR;
				CLANG_WARN_QUOTED_INCLUDE_IN_FRAMEWORK_HEADER = YES;
				CLANG_WARN_RANGE_LOOP_ANALYSIS = YES;
				CLANG_WARN_STRICT_PROTOTYPES = YES;
				CLANG_WARN_SUSPICIOUS_MOVE = YES;
				CLANG_WARN_UNGUARDED_AVAILABILITY = YES_AGGRESSIVE;
				CLANG_WARN_UNREACHABLE_CODE = YES;
				CLANG_WARN__DUPLICATE_METHOD_MATCH = YES;
				COPY_PHASE_STRIP = NO;
				DEBUG_INFORMATION_FORMAT = "dwarf-with-dsym";
				ENABLE_NS_ASSERTIONS = NO;
				ENABLE_STRICT_OBJC_MSGSEND = YES;
				GCC_C_LANGUAGE_STANDARD = gnu11;
				GCC_NO_COMMON_BLOCKS = YES;
				GCC_WARN_64_TO_32_BIT_CONVERSION = YES;
				GCC_WARN_ABOUT_RETURN_TYPE = YES_ERROR;
				GCC_WARN_UNDECLARED_SELECTOR = YES;
				GCC_WARN_UNINITIALIZED_AUTOS = YES_AGGRESSIVE;
				GCC_WARN_UNUSED_FUNCTION = YES;
				GCC_WARN_UNUSED_VARIABLE = YES;
				IPHONEOS_DEPLOYMENT_TARGET = 14.4;
				MTL_ENABLE_DEBUG_INFO = NO;
				MTL_FAST_MATH = YES;
				SDKROOT = iphoneos;
				SWIFT_COMPILATION_MODE = wholemodule;
				SWIFT_OPTIMIZATION_LEVEL = "-O";
				VALIDATE_PRODUCT = YES;
			};
			name = Release;
		};
		2D47162C25F052400020F93C /* Debug */ = {
			isa = XCBuildConfiguration;
			buildSettings = {
				ASSETCATALOG_COMPILER_APPICON_NAME = AppIcon;
				ASSETCATALOG_COMPILER_GLOBAL_ACCENT_COLOR_NAME = AccentColor;
				CODE_SIGN_STYLE = Automatic;
				DEVELOPMENT_ASSET_PATHS = "\"SeniorProject/Preview Content\"";
				DEVELOPMENT_TEAM = UXS6V5HUC7;
				ENABLE_PREVIEWS = YES;
				INFOPLIST_FILE = SeniorProject/Info.plist;
				IPHONEOS_DEPLOYMENT_TARGET = 14.0;
				LD_RUNPATH_SEARCH_PATHS = (
					"$(inherited)",
					"@executable_path/Frameworks",
				);
				PRODUCT_BUNDLE_IDENTIFIER = goucher.SeniorProject;
				PRODUCT_NAME = "$(TARGET_NAME)";
				SWIFT_VERSION = 5.0;
				TARGETED_DEVICE_FAMILY = "1,2";
			};
			name = Debug;
		};
		2D47162D25F052400020F93C /* Release */ = {
			isa = XCBuildConfiguration;
			buildSettings = {
				ASSETCATALOG_COMPILER_APPICON_NAME = AppIcon;
				ASSETCATALOG_COMPILER_GLOBAL_ACCENT_COLOR_NAME = AccentColor;
				CODE_SIGN_STYLE = Automatic;
				DEVELOPMENT_ASSET_PATHS = "\"SeniorProject/Preview Content\"";
				DEVELOPMENT_TEAM = UXS6V5HUC7;
				ENABLE_PREVIEWS = YES;
				INFOPLIST_FILE = SeniorProject/Info.plist;
				IPHONEOS_DEPLOYMENT_TARGET = 14.0;
				LD_RUNPATH_SEARCH_PATHS = (
					"$(inherited)",
					"@executable_path/Frameworks",
				);
				PRODUCT_BUNDLE_IDENTIFIER = goucher.SeniorProject;
				PRODUCT_NAME = "$(TARGET_NAME)";
				SWIFT_VERSION = 5.0;
				TARGETED_DEVICE_FAMILY = "1,2";
			};
			name = Release;
		};
/* End XCBuildConfiguration section */

/* Begin XCConfigurationList section */
		2D47161725F0523B0020F93C /* Build configuration list for PBXProject "SeniorProject" */ = {
			isa = XCConfigurationList;
			buildConfigurations = (
				2D47162925F052400020F93C /* Debug */,
				2D47162A25F052400020F93C /* Release */,
			);
			defaultConfigurationIsVisible = 0;
			defaultConfigurationName = Release;
		};
		2D47162B25F052400020F93C /* Build configuration list for PBXNativeTarget "SeniorProject" */ = {
			isa = XCConfigurationList;
			buildConfigurations = (
				2D47162C25F052400020F93C /* Debug */,
				2D47162D25F052400020F93C /* Release */,
			);
			defaultConfigurationIsVisible = 0;
			defaultConfigurationName = Release;
		};
/* End XCConfigurationList section */
	};
	rootObject = 2D47161425F0523B0020F93C /* Project object */;
}
